
Microsoft Visual Studio Solution File, Format Version 12.00
# Visual Studio Version 17
VisualStudioVersion = 17.11.35303.130
MinimumVisualStudioVersion = 10.0.40219.1
Project("{2150E333-8FDC-42A3-9474-1A3956D46DE8}") = "Task0", "Task0", "{0B5673EC-7BED-4230-86C6-3CA305849ACA}"
EndProject
Project("{9A19103F-16F7-4668-BE54-9A1E7A4F7556}") = "Tyuiu.BaimuhametovaMD.Sprint1.Task0.V9", "Tyuiu.BaimuhametovaMD.Sprint1.Task0.V9\Tyuiu.BaimuhametovaMD.Sprint1.Task0.V9.csproj", "{65018015-77C2-4E9C-807D-6EB897481231}"
EndProject
Project("{9A19103F-16F7-4668-BE54-9A1E7A4F7556}") = "Tyuiu.BaimuhametovaMD.Sprint1.Task0.V9.Lib", "Tyuiu.BaimuhametovaMD.Sprint1.Task0.V9.Lib\Tyuiu.BaimuhametovaMD.Sprint1.Task0.V9.Lib.csproj", "{1D234F05-3F44-415F-9206-6B212237C5D6}"
EndProject
Project("{9A19103F-16F7-4668-BE54-9A1E7A4F7556}") = "Tyuiu.BaimuhametovaMD.Sprint1.Task0.V9.Test", "Tyuiu.BaimuhametovaMD.Sprint1.Task0.V9.Test\Tyuiu.BaimuhametovaMD.Sprint1.Task0.V9.Test.csproj", "{76DD326B-F8BA-4C60-A839-F7C02411FE35}"
EndProject
Project("{2150E333-8FDC-42A3-9474-1A3956D46DE8}") = "Task1", "Task1", "{ED6A6D22-6E4D-42D1-80FE-7F5BF1D10B58}"
EndProject
Project("{9A19103F-16F7-4668-BE54-9A1E7A4F7556}") = "Tyuiu.BaimuhametovaMD.Sprint1.Task1.V25", "Tyuiu.BaimuhametovaMD.Sprint1.Task1.V25\Tyuiu.BaimuhametovaMD.Sprint1.Task1.V25.csproj", "{8B38112C-58E7-461E-B645-7D71B2DB058B}"
EndProject
Project("{9A19103F-16F7-4668-BE54-9A1E7A4F7556}") = "Tyuiu.BaimuhametovaMD.Sprint1.Task1.V25.Test", "Tyuiu.BaimuhametovaMD.Sprint1.Task1.V25.Test\Tyuiu.BaimuhametovaMD.Sprint1.Task1.V25.Test.csproj", "{056B2925-22E9-4CF9-9121-D23CB2091439}"
EndProject
Project("{9A19103F-16F7-4668-BE54-9A1E7A4F7556}") = "Tyuiu.BaimuhametovaMD.Sprint1.Task1.V25.Lib", "Tyuiu.BaimuhametovaMD.Sprint1.Task1.V25.Lib\Tyuiu.BaimuhametovaMD.Sprint1.Task1.V25.Lib.csproj", "{B4FB3327-AA3B-4A20-93CE-BE5D7CB32972}"
EndProject
Project("{2150E333-8FDC-42A3-9474-1A3956D46DE8}") = "Task2", "Task2", "{AF86D617-3A0C-4DE2-9FC3-35A4DD3DF943}"
EndProject
Project("{9A19103F-16F7-4668-BE54-9A1E7A4F7556}") = "Tyuiu.BaimuhametovaMD.Sprint1.Task2.V4.Lib", "Tyuiu.BaimuhametovaMD.Sprint1.Task2.V4.Lib\Tyuiu.BaimuhametovaMD.Sprint1.Task2.V4.Lib.csproj", "{D867CF48-4F1E-4486-AFAF-DC025C21911E}"
EndProject
Project("{9A19103F-16F7-4668-BE54-9A1E7A4F7556}") = "Tyuiu.BaimuhametovaMD.Sprint1.Task2.V4.Test", "Tyuiu.BaimuhametovaMD.Sprint1.Task2.V4.Test\Tyuiu.BaimuhametovaMD.Sprint1.Task2.V4.Test.csproj", "{35207327-8868-4CCA-ADC8-9075EDC87F08}"
EndProject
Project("{9A19103F-16F7-4668-BE54-9A1E7A4F7556}") = "Tyuiu.BaimuhametovaMD.Sprint1.Task2.V4", "Tyuiu.BaimuhametovaMD.Sprint1.Task2.V4\Tyuiu.BaimuhametovaMD.Sprint1.Task2.V4.csproj", "{052602D1-075F-4B99-8CE1-2F9B835842B8}"
EndProject
Project("{2150E333-8FDC-42A3-9474-1A3956D46DE8}") = "Task3", "Task3", "{8A65A64A-C56A-4DCE-B8BC-80DDDA3AA72C}"
EndProject
Project("{9A19103F-16F7-4668-BE54-9A1E7A4F7556}") = "Tyuiu.BaimuhametovaMD.Sprint1.Task3.V5.Lib", "Tyuiu.BaimuhametovaMD.Sprint1.Task3.V5.Lib\Tyuiu.BaimuhametovaMD.Sprint1.Task3.V5.Lib.csproj", "{85C704A3-9E2C-46C4-941C-1FF4C75AA858}"
EndProject
Project("{9A19103F-16F7-4668-BE54-9A1E7A4F7556}") = "Tyuiu.BaimuhametovaMD.Sprint1.Task3.V5.Test", "Tyuiu.BaimuhametovaMD.Sprint1.Task3.V5.Test\Tyuiu.BaimuhametovaMD.Sprint1.Task3.V5.Test.csproj", "{2A12980A-7C5D-4608-9940-B5B4E7D74F52}"
EndProject
Project("{9A19103F-16F7-4668-BE54-9A1E7A4F7556}") = "Tyuiu.BaimuhametovaMD.Sprint1.Task3.V5", "Tyuiu.BaimuhametovaMD.Sprint1.Task3.V5\Tyuiu.BaimuhametovaMD.Sprint1.Task3.V5.csproj", "{DEBE16F7-6DB7-41CC-A9C0-C6499693D637}"
EndProject
Project("{2150E333-8FDC-42A3-9474-1A3956D46DE8}") = "Task4", "Task4", "{C1948FB4-682A-4217-BB92-EA6F6A5A3192}"
EndProject
Project("{9A19103F-16F7-4668-BE54-9A1E7A4F7556}") = "Tyuiu.BaimuhametovaMD.Sprint1.Task4.V2", "Tyuiu.BaimuhametovaMD.Sprint1.Task4.V2\Tyuiu.BaimuhametovaMD.Sprint1.Task4.V2.csproj", "{004E3E79-B260-4F19-B028-307C6BCC7BDB}"
EndProject
Project("{9A19103F-16F7-4668-BE54-9A1E7A4F7556}") = "Tyuiu.BaimuhametovaMD.Sprint1.Task4.V2.Test", "Tyuiu.BaimuhametovaMD.Sprint1.Task4.V2.Test\Tyuiu.BaimuhametovaMD.Sprint1.Task4.V2.Test.csproj", "{33C94B7A-0BF0-4666-9EB8-8A93745BFF38}"
EndProject
Project("{9A19103F-16F7-4668-BE54-9A1E7A4F7556}") = "Tyuiu.BaimuhametovaMD.Sprint1.Task4.V2.Lib", "Tyuiu.BaimuhametovaMD.Sprint1.Task4.V2.Lib\Tyuiu.BaimuhametovaMD.Sprint1.Task4.V2.Lib.csproj", "{A7744E60-F6EC-4334-BB51-8E13760F498C}"
EndProject
Project("{2150E333-8FDC-42A3-9474-1A3956D46DE8}") = "Task5", "Task5", "{35AF0546-C1BC-4DE8-B30E-F18F50512D62}"
EndProject
Project("{2150E333-8FDC-42A3-9474-1A3956D46DE8}") = "Task6", "Task6", "{DB9D4207-068D-4747-B74C-0706BC5FCA2C}"
EndProject
Project("{2150E333-8FDC-42A3-9474-1A3956D46DE8}") = "Task7", "Task7", "{687426EB-089A-4A0A-B99A-9BAF833B89CB}"
EndProject
Project("{FAE04EC0-301F-11D3-BF4B-00C04F79EFBC}") = "Tyuiu.BaimuhametovaMD.Sprint1.Task5.V7.Lib", "Tyuiu.BaimuhametovaMD.Sprint1.Task5.V7.Lib\Tyuiu.BaimuhametovaMD.Sprint1.Task5.V7.Lib.csproj", "{8C63B631-DDCD-4CE7-8E11-ACF7BB05A4EF}"
EndProject
Project("{FAE04EC0-301F-11D3-BF4B-00C04F79EFBC}") = "Tyuiu.BaimuhametovaMD.Sprint1.Task5.V7.Test", "Tyuiu.BaimuhametovaMD.Sprint1.Task5.V7.Test\Tyuiu.BaimuhametovaMD.Sprint1.Task5.V7.Test.csproj", "{5A28A450-65F3-415C-826A-3BB1EB5C6D27}"
EndProject
Project("{FAE04EC0-301F-11D3-BF4B-00C04F79EFBC}") = "Tyuiu.BaimuhametovaMD.Sprint1.Task5.V7", "Tyuiu.BaimuhametovaMD.Sprint1.Task5.V7\Tyuiu.BaimuhametovaMD.Sprint1.Task5.V7.csproj", "{031761D1-20CE-430D-A9A8-EFD7CA18F2D8}"
EndProject
Project("{FAE04EC0-301F-11D3-BF4B-00C04F79EFBC}") = "Tyuiu.BaimuhametovaMD.Sprint1.Task6.V5", "Tyuiu.BaimuhametovaMD.Sprint1.Task6.V5\Tyuiu.BaimuhametovaMD.Sprint1.Task6.V5.csproj", "{A159DD78-3F2B-43F6-8F64-7C06A118EBB5}"
EndProject
Project("{FAE04EC0-301F-11D3-BF4B-00C04F79EFBC}") = "Tyuiu.BaimuhametovaMD.Sprint1.Task6.V5.Test", "Tyuiu.BaimuhametovaMD.Sprint1.Task6.V5.Test\Tyuiu.BaimuhametovaMD.Sprint1.Task6.V5.Test.csproj", "{50C7B950-7635-48D4-8EAE-1D876CC70747}"
EndProject
Project("{FAE04EC0-301F-11D3-BF4B-00C04F79EFBC}") = "Tyuiu.BaimuhametovaMD.Sprint1.Task6.V5.Lib", "Tyuiu.BaimuhametovaMD.Sprint1.Task6.V5.Lib\Tyuiu.BaimuhametovaMD.Sprint1.Task6.V5.Lib.csproj", "{2E311616-5B4E-4985-9E57-E91A29C2CE7B}"
EndProject
Project("{FAE04EC0-301F-11D3-BF4B-00C04F79EFBC}") = "Tyuiu.BaimuhametovaMD.Sprint1.Task7.V21.Lib", "Tyuiu.BaimuhametovaMD.Sprint1.Task7.V21.Lib\Tyuiu.BaimuhametovaMD.Sprint1.Task7.V21.Lib.csproj", "{FBEA8D36-241B-4B9A-B882-FCF288F930D6}"
EndProject
Project("{FAE04EC0-301F-11D3-BF4B-00C04F79EFBC}") = "Tyuiu.BaimuhametovaMD.Sprint1.Task7.V21.Test", "Tyuiu.BaimuhametovaMD.Sprint1.Task7.V21.Test\Tyuiu.BaimuhametovaMD.Sprint1.Task7.V21.Test.csproj", "{47CC5F5F-3B5D-4FBA-B70E-23A7D559E265}"
EndProject
Project("{FAE04EC0-301F-11D3-BF4B-00C04F79EFBC}") = "Tyuiu.BaimuhametovaMD.Sprint1.Task7.V21", "Tyuiu.BaimuhametovaMD.Sprint1.Task7.V21\Tyuiu.BaimuhametovaMD.Sprint1.Task7.V21.csproj", "{8DD5B7B4-CD01-4DCD-B695-8675FDCBA616}"
EndProject
Global
	GlobalSection(SolutionConfigurationPlatforms) = preSolution
		Debug|Any CPU = Debug|Any CPU
		Release|Any CPU = Release|Any CPU
	EndGlobalSection
	GlobalSection(ProjectConfigurationPlatforms) = postSolution
		{65018015-77C2-4E9C-807D-6EB897481231}.Debug|Any CPU.ActiveCfg = Debug|Any CPU
		{65018015-77C2-4E9C-807D-6EB897481231}.Debug|Any CPU.Build.0 = Debug|Any CPU
		{65018015-77C2-4E9C-807D-6EB897481231}.Release|Any CPU.ActiveCfg = Release|Any CPU
		{65018015-77C2-4E9C-807D-6EB897481231}.Release|Any CPU.Build.0 = Release|Any CPU
		{1D234F05-3F44-415F-9206-6B212237C5D6}.Debug|Any CPU.ActiveCfg = Debug|Any CPU
		{1D234F05-3F44-415F-9206-6B212237C5D6}.Debug|Any CPU.Build.0 = Debug|Any CPU
		{1D234F05-3F44-415F-9206-6B212237C5D6}.Release|Any CPU.ActiveCfg = Release|Any CPU
		{1D234F05-3F44-415F-9206-6B212237C5D6}.Release|Any CPU.Build.0 = Release|Any CPU
		{76DD326B-F8BA-4C60-A839-F7C02411FE35}.Debug|Any CPU.ActiveCfg = Debug|Any CPU
		{76DD326B-F8BA-4C60-A839-F7C02411FE35}.Debug|Any CPU.Build.0 = Debug|Any CPU
		{76DD326B-F8BA-4C60-A839-F7C02411FE35}.Release|Any CPU.ActiveCfg = Release|Any CPU
		{76DD326B-F8BA-4C60-A839-F7C02411FE35}.Release|Any CPU.Build.0 = Release|Any CPU
		{8B38112C-58E7-461E-B645-7D71B2DB058B}.Debug|Any CPU.ActiveCfg = Debug|Any CPU
		{8B38112C-58E7-461E-B645-7D71B2DB058B}.Debug|Any CPU.Build.0 = Debug|Any CPU
		{8B38112C-58E7-461E-B645-7D71B2DB058B}.Release|Any CPU.ActiveCfg = Release|Any CPU
		{8B38112C-58E7-461E-B645-7D71B2DB058B}.Release|Any CPU.Build.0 = Release|Any CPU
		{056B2925-22E9-4CF9-9121-D23CB2091439}.Debug|Any CPU.ActiveCfg = Debug|Any CPU
		{056B2925-22E9-4CF9-9121-D23CB2091439}.Debug|Any CPU.Build.0 = Debug|Any CPU
		{056B2925-22E9-4CF9-9121-D23CB2091439}.Release|Any CPU.ActiveCfg = Release|Any CPU
		{056B2925-22E9-4CF9-9121-D23CB2091439}.Release|Any CPU.Build.0 = Release|Any CPU
		{B4FB3327-AA3B-4A20-93CE-BE5D7CB32972}.Debug|Any CPU.ActiveCfg = Debug|Any CPU
		{B4FB3327-AA3B-4A20-93CE-BE5D7CB32972}.Debug|Any CPU.Build.0 = Debug|Any CPU
		{B4FB3327-AA3B-4A20-93CE-BE5D7CB32972}.Release|Any CPU.ActiveCfg = Release|Any CPU
		{B4FB3327-AA3B-4A20-93CE-BE5D7CB32972}.Release|Any CPU.Build.0 = Release|Any CPU
		{D867CF48-4F1E-4486-AFAF-DC025C21911E}.Debug|Any CPU.ActiveCfg = Debug|Any CPU
		{D867CF48-4F1E-4486-AFAF-DC025C21911E}.Debug|Any CPU.Build.0 = Debug|Any CPU
		{D867CF48-4F1E-4486-AFAF-DC025C21911E}.Release|Any CPU.ActiveCfg = Release|Any CPU
		{D867CF48-4F1E-4486-AFAF-DC025C21911E}.Release|Any CPU.Build.0 = Release|Any CPU
		{35207327-8868-4CCA-ADC8-9075EDC87F08}.Debug|Any CPU.ActiveCfg = Debug|Any CPU
		{35207327-8868-4CCA-ADC8-9075EDC87F08}.Debug|Any CPU.Build.0 = Debug|Any CPU
		{35207327-8868-4CCA-ADC8-9075EDC87F08}.Release|Any CPU.ActiveCfg = Release|Any CPU
		{35207327-8868-4CCA-ADC8-9075EDC87F08}.Release|Any CPU.Build.0 = Release|Any CPU
		{052602D1-075F-4B99-8CE1-2F9B835842B8}.Debug|Any CPU.ActiveCfg = Debug|Any CPU
		{052602D1-075F-4B99-8CE1-2F9B835842B8}.Debug|Any CPU.Build.0 = Debug|Any CPU
		{052602D1-075F-4B99-8CE1-2F9B835842B8}.Release|Any CPU.ActiveCfg = Release|Any CPU
		{052602D1-075F-4B99-8CE1-2F9B835842B8}.Release|Any CPU.Build.0 = Release|Any CPU
		{85C704A3-9E2C-46C4-941C-1FF4C75AA858}.Debug|Any CPU.ActiveCfg = Debug|Any CPU
		{85C704A3-9E2C-46C4-941C-1FF4C75AA858}.Debug|Any CPU.Build.0 = Debug|Any CPU
		{85C704A3-9E2C-46C4-941C-1FF4C75AA858}.Release|Any CPU.ActiveCfg = Release|Any CPU
		{85C704A3-9E2C-46C4-941C-1FF4C75AA858}.Release|Any CPU.Build.0 = Release|Any CPU
		{2A12980A-7C5D-4608-9940-B5B4E7D74F52}.Debug|Any CPU.ActiveCfg = Debug|Any CPU
		{2A12980A-7C5D-4608-9940-B5B4E7D74F52}.Debug|Any CPU.Build.0 = Debug|Any CPU
		{2A12980A-7C5D-4608-9940-B5B4E7D74F52}.Release|Any CPU.ActiveCfg = Release|Any CPU
		{2A12980A-7C5D-4608-9940-B5B4E7D74F52}.Release|Any CPU.Build.0 = Release|Any CPU
		{DEBE16F7-6DB7-41CC-A9C0-C6499693D637}.Debug|Any CPU.ActiveCfg = Debug|Any CPU
		{DEBE16F7-6DB7-41CC-A9C0-C6499693D637}.Debug|Any CPU.Build.0 = Debug|Any CPU
		{DEBE16F7-6DB7-41CC-A9C0-C6499693D637}.Release|Any CPU.ActiveCfg = Release|Any CPU
		{DEBE16F7-6DB7-41CC-A9C0-C6499693D637}.Release|Any CPU.Build.0 = Release|Any CPU
		{004E3E79-B260-4F19-B028-307C6BCC7BDB}.Debug|Any CPU.ActiveCfg = Debug|Any CPU
		{004E3E79-B260-4F19-B028-307C6BCC7BDB}.Debug|Any CPU.Build.0 = Debug|Any CPU
		{004E3E79-B260-4F19-B028-307C6BCC7BDB}.Release|Any CPU.ActiveCfg = Release|Any CPU
		{004E3E79-B260-4F19-B028-307C6BCC7BDB}.Release|Any CPU.Build.0 = Release|Any CPU
		{33C94B7A-0BF0-4666-9EB8-8A93745BFF38}.Debug|Any CPU.ActiveCfg = Debug|Any CPU
		{33C94B7A-0BF0-4666-9EB8-8A93745BFF38}.Debug|Any CPU.Build.0 = Debug|Any CPU
		{33C94B7A-0BF0-4666-9EB8-8A93745BFF38}.Release|Any CPU.ActiveCfg = Release|Any CPU
		{33C94B7A-0BF0-4666-9EB8-8A93745BFF38}.Release|Any CPU.Build.0 = Release|Any CPU
		{A7744E60-F6EC-4334-BB51-8E13760F498C}.Debug|Any CPU.ActiveCfg = Debug|Any CPU
		{A7744E60-F6EC-4334-BB51-8E13760F498C}.Debug|Any CPU.Build.0 = Debug|Any CPU
		{A7744E60-F6EC-4334-BB51-8E13760F498C}.Release|Any CPU.ActiveCfg = Release|Any CPU
		{A7744E60-F6EC-4334-BB51-8E13760F498C}.Release|Any CPU.Build.0 = Release|Any CPU
		{8C63B631-DDCD-4CE7-8E11-ACF7BB05A4EF}.Debug|Any CPU.ActiveCfg = Debug|Any CPU
		{8C63B631-DDCD-4CE7-8E11-ACF7BB05A4EF}.Debug|Any CPU.Build.0 = Debug|Any CPU
		{8C63B631-DDCD-4CE7-8E11-ACF7BB05A4EF}.Release|Any CPU.ActiveCfg = Release|Any CPU
		{8C63B631-DDCD-4CE7-8E11-ACF7BB05A4EF}.Release|Any CPU.Build.0 = Release|Any CPU
		{5A28A450-65F3-415C-826A-3BB1EB5C6D27}.Debug|Any CPU.ActiveCfg = Debug|Any CPU
		{5A28A450-65F3-415C-826A-3BB1EB5C6D27}.Debug|Any CPU.Build.0 = Debug|Any CPU
		{5A28A450-65F3-415C-826A-3BB1EB5C6D27}.Release|Any CPU.ActiveCfg = Release|Any CPU
		{5A28A450-65F3-415C-826A-3BB1EB5C6D27}.Release|Any CPU.Build.0 = Release|Any CPU
		{031761D1-20CE-430D-A9A8-EFD7CA18F2D8}.Debug|Any CPU.ActiveCfg = Debug|Any CPU
		{031761D1-20CE-430D-A9A8-EFD7CA18F2D8}.Debug|Any CPU.Build.0 = Debug|Any CPU
		{031761D1-20CE-430D-A9A8-EFD7CA18F2D8}.Release|Any CPU.ActiveCfg = Release|Any CPU
		{031761D1-20CE-430D-A9A8-EFD7CA18F2D8}.Release|Any CPU.Build.0 = Release|Any CPU
		{A159DD78-3F2B-43F6-8F64-7C06A118EBB5}.Debug|Any CPU.ActiveCfg = Debug|Any CPU
		{A159DD78-3F2B-43F6-8F64-7C06A118EBB5}.Debug|Any CPU.Build.0 = Debug|Any CPU
		{A159DD78-3F2B-43F6-8F64-7C06A118EBB5}.Release|Any CPU.ActiveCfg = Release|Any CPU
		{A159DD78-3F2B-43F6-8F64-7C06A118EBB5}.Release|Any CPU.Build.0 = Release|Any CPU
		{50C7B950-7635-48D4-8EAE-1D876CC70747}.Debug|Any CPU.ActiveCfg = Debug|Any CPU
		{50C7B950-7635-48D4-8EAE-1D876CC70747}.Debug|Any CPU.Build.0 = Debug|Any CPU
		{50C7B950-7635-48D4-8EAE-1D876CC70747}.Release|Any CPU.ActiveCfg = Release|Any CPU
		{50C7B950-7635-48D4-8EAE-1D876CC70747}.Release|Any CPU.Build.0 = Release|Any CPU
		{2E311616-5B4E-4985-9E57-E91A29C2CE7B}.Debug|Any CPU.ActiveCfg = Debug|Any CPU
		{2E311616-5B4E-4985-9E57-E91A29C2CE7B}.Debug|Any CPU.Build.0 = Debug|Any CPU
		{2E311616-5B4E-4985-9E57-E91A29C2CE7B}.Release|Any CPU.ActiveCfg = Release|Any CPU
		{2E311616-5B4E-4985-9E57-E91A29C2CE7B}.Release|Any CPU.Build.0 = Release|Any CPU
		{FBEA8D36-241B-4B9A-B882-FCF288F930D6}.Debug|Any CPU.ActiveCfg = Debug|Any CPU
		{FBEA8D36-241B-4B9A-B882-FCF288F930D6}.Debug|Any CPU.Build.0 = Debug|Any CPU
		{FBEA8D36-241B-4B9A-B882-FCF288F930D6}.Release|Any CPU.ActiveCfg = Release|Any CPU
		{FBEA8D36-241B-4B9A-B882-FCF288F930D6}.Release|Any CPU.Build.0 = Release|Any CPU
		{47CC5F5F-3B5D-4FBA-B70E-23A7D559E265}.Debug|Any CPU.ActiveCfg = Debug|Any CPU
		{47CC5F5F-3B5D-4FBA-B70E-23A7D559E265}.Debug|Any CPU.Build.0 = Debug|Any CPU
		{47CC5F5F-3B5D-4FBA-B70E-23A7D559E265}.Release|Any CPU.ActiveCfg = Release|Any CPU
		{47CC5F5F-3B5D-4FBA-B70E-23A7D559E265}.Release|Any CPU.Build.0 = Release|Any CPU
		{8DD5B7B4-CD01-4DCD-B695-8675FDCBA616}.Debug|Any CPU.ActiveCfg = Debug|Any CPU
		{8DD5B7B4-CD01-4DCD-B695-8675FDCBA616}.Debug|Any CPU.Build.0 = Debug|Any CPU
		{8DD5B7B4-CD01-4DCD-B695-8675FDCBA616}.Release|Any CPU.ActiveCfg = Release|Any CPU
		{8DD5B7B4-CD01-4DCD-B695-8675FDCBA616}.Release|Any CPU.Build.0 = Release|Any CPU
	EndGlobalSection
	GlobalSection(SolutionProperties) = preSolution
		HideSolutionNode = FALSE
	EndGlobalSection
	GlobalSection(NestedProjects) = preSolution
		{65018015-77C2-4E9C-807D-6EB897481231} = {0B5673EC-7BED-4230-86C6-3CA305849ACA}
		{1D234F05-3F44-415F-9206-6B212237C5D6} = {0B5673EC-7BED-4230-86C6-3CA305849ACA}
		{76DD326B-F8BA-4C60-A839-F7C02411FE35} = {0B5673EC-7BED-4230-86C6-3CA305849ACA}
		{8B38112C-58E7-461E-B645-7D71B2DB058B} = {ED6A6D22-6E4D-42D1-80FE-7F5BF1D10B58}
		{056B2925-22E9-4CF9-9121-D23CB2091439} = {ED6A6D22-6E4D-42D1-80FE-7F5BF1D10B58}
		{B4FB3327-AA3B-4A20-93CE-BE5D7CB32972} = {ED6A6D22-6E4D-42D1-80FE-7F5BF1D10B58}
		{D867CF48-4F1E-4486-AFAF-DC025C21911E} = {AF86D617-3A0C-4DE2-9FC3-35A4DD3DF943}
		{35207327-8868-4CCA-ADC8-9075EDC87F08} = {AF86D617-3A0C-4DE2-9FC3-35A4DD3DF943}
		{052602D1-075F-4B99-8CE1-2F9B835842B8} = {AF86D617-3A0C-4DE2-9FC3-35A4DD3DF943}
		{85C704A3-9E2C-46C4-941C-1FF4C75AA858} = {8A65A64A-C56A-4DCE-B8BC-80DDDA3AA72C}
		{2A12980A-7C5D-4608-9940-B5B4E7D74F52} = {8A65A64A-C56A-4DCE-B8BC-80DDDA3AA72C}
		{DEBE16F7-6DB7-41CC-A9C0-C6499693D637} = {8A65A64A-C56A-4DCE-B8BC-80DDDA3AA72C}
		{004E3E79-B260-4F19-B028-307C6BCC7BDB} = {C1948FB4-682A-4217-BB92-EA6F6A5A3192}
		{33C94B7A-0BF0-4666-9EB8-8A93745BFF38} = {C1948FB4-682A-4217-BB92-EA6F6A5A3192}
		{A7744E60-F6EC-4334-BB51-8E13760F498C} = {C1948FB4-682A-4217-BB92-EA6F6A5A3192}
		{8C63B631-DDCD-4CE7-8E11-ACF7BB05A4EF} = {35AF0546-C1BC-4DE8-B30E-F18F50512D62}
		{5A28A450-65F3-415C-826A-3BB1EB5C6D27} = {35AF0546-C1BC-4DE8-B30E-F18F50512D62}
		{031761D1-20CE-430D-A9A8-EFD7CA18F2D8} = {35AF0546-C1BC-4DE8-B30E-F18F50512D62}
		{A159DD78-3F2B-43F6-8F64-7C06A118EBB5} = {DB9D4207-068D-4747-B74C-0706BC5FCA2C}
		{50C7B950-7635-48D4-8EAE-1D876CC70747} = {DB9D4207-068D-4747-B74C-0706BC5FCA2C}
		{2E311616-5B4E-4985-9E57-E91A29C2CE7B} = {DB9D4207-068D-4747-B74C-0706BC5FCA2C}
		{FBEA8D36-241B-4B9A-B882-FCF288F930D6} = {687426EB-089A-4A0A-B99A-9BAF833B89CB}
		{47CC5F5F-3B5D-4FBA-B70E-23A7D559E265} = {687426EB-089A-4A0A-B99A-9BAF833B89CB}
		{8DD5B7B4-CD01-4DCD-B695-8675FDCBA616} = {687426EB-089A-4A0A-B99A-9BAF833B89CB}
	EndGlobalSection
	GlobalSection(ExtensibilityGlobals) = postSolution
		SolutionGuid = {B7B32F30-7C55-4D32-981A-337C16CE132B}
	EndGlobalSection
EndGlobal
